
Microsoft Visual Studio Solution File, Format Version 12.00
# Visual Studio Version 17
VisualStudioVersion = 17.6.33723.286
MinimumVisualStudioVersion = 10.0.40219.1
Project("{F184B08F-C81C-45F6-A57F-5ABD9991F28F}") = "DrillsForKids_Project", "DrillsForKids_Project.vbproj", "{DB15DCD6-C3B2-4AB3-91ED-0028D9DD33E7}"
EndProject
Global
	GlobalSection(SolutionConfigurationPlatforms) = preSolution
		Debug|Any CPU = Debug|Any CPU
		Release|Any CPU = Release|Any CPU
	EndGlobalSection
	GlobalSection(ProjectConfigurationPlatforms) = postSolution
		{DB15DCD6-C3B2-4AB3-91ED-0028D9DD33E7}.Debug|Any CPU.ActiveCfg = Debug|Any CPU
		{DB15DCD6-C3B2-4AB3-91ED-0028D9DD33E7}.Debug|Any CPU.Build.0 = Debug|Any CPU
		{DB15DCD6-C3B2-4AB3-91ED-0028D9DD33E7}.Release|Any CPU.ActiveCfg = Release|Any CPU
		{DB15DCD6-C3B2-4AB3-91ED-0028D9DD33E7}.Release|Any CPU.Build.0 = Release|Any CPU
	EndGlobalSection
	GlobalSection(SolutionProperties) = preSolution
		HideSolutionNode = FALSE
	EndGlobalSection
	GlobalSection(ExtensibilityGlobals) = postSolution
		SolutionGuid = {D50BC96B-9D54-470D-A951-E592112C872D}
	EndGlobalSection
EndGlobal
